<Solution>
  <Folder Name="/tests/">
    <Project Path="tests/Bukit.Architecture.Tests/Bukit.Architecture.Tests.csproj" />
    <Project Path="tests/Bukit.Cli.Tests/Bukit.Cli.Tests.csproj" />
    <Project Path="tests/Bukit.Clone.Tests/Bukit.Clone.Tests.csproj" />
    <Project Path="tests/Bukit.Config.Tests/Bukit.Config.Tests.csproj" />
    <Project Path="tests/Bukit.Content.Tests/Bukit.Content.Tests.csproj" />
    <Project Path="tests/Bukit.Engine.Abstractions.Tests/Bukit.Engine.Abstractions.Tests.csproj" />
    <Project Path="tests/Bukit.Engine.Tests/Bukit.Engine.Tests.csproj" />
    <Project Path="tests/Bukit.Importing.Tests/Bukit.Importing.Tests.csproj" />
    <Project Path="tests/Bukit.Labs.Cli.Tests/Bukit.Labs.Cli.Tests.csproj" />
    <Project Path="tests/Bukit.Plugin.Abstractions.Tests/Bukit.Plugin.Abstractions.Tests.csproj" />
    <Project Path="tests/Bukit.Plugin.Import.Tests/Bukit.Plugin.Import.Tests.csproj" />
    <Project Path="tests/Bukit.Plugin.WechatSync.Tests/Bukit.Plugin.WechatSync.Tests.csproj" />
    <Project Path="tests/Bukit.PluginHost.Tests/Bukit.PluginHost.Tests.csproj" />
    <Project Path="tests/Bukit.Rendering.Tests/Bukit.Rendering.Tests.csproj" />
    <Project Path="tests/Bukit.Routing.Tests/Bukit.Routing.Tests.csproj" />
    <Project Path="tests/Bukit.Shared.Tests/Bukit.Shared.Tests.csproj" />
    <Project Path="tests/Bukit.Theme.Benchmarks/Bukit.Theme.Benchmarks.csproj" />
    <Project Path="tests/Bukit.Theme.Tests/Bukit.Theme.Tests.csproj" />
    <Project Path="tests/PluginProcessProbe/PluginProcessProbe.csproj" />
    <Project Path="tests/ThrowingPlugin/ThrowingPlugin.csproj" />
  </Folder>
</Solution>
